<?xml version="1.0" encoding="utf-8"?>
<Project ToolsVersion="4.0" xmlns="http://schemas.microsoft.com/developer/msbuild/2003">
  <ItemGroup>
    <Filter Include="Source Files">
      <UniqueIdentifier>{4FC737F1-C7A5-4376-A066-2A32D752A2FF}</UniqueIdentifier>
      <Extensions>cpp;c;cc;cxx;def;odl;idl;hpj;bat;asm;asmx</Extensions>
    </Filter>
    <Filter Include="Header Files">
      <UniqueIdentifier>{7b51f1e7-0783-4ec3-b987-79b2b52cb436}</UniqueIdentifier>
    </Filter>
  </ItemGroup>
  <ItemGroup>
    <ClCompile Include="Source.cpp">
      <Filter>Source Files</Filter>
    </ClCompile>
    <ClCompile Include="Block-filer\Block.cc">
      <Filter>Source Files</Filter>
    </ClCompile>
    <ClCompile Include="Block-filer\Breakable.cc">
      <Filter>Source Files</Filter>
    </ClCompile>
    <ClCompile Include="Block-filer\Generator.cc">
      <Filter>Source Files</Filter>
    </ClCompile>
    <ClCompile Include="Character filer\Enemy\Enemy_1.cpp">
      <Filter>Source Files</Filter>
    </ClCompile>
    <ClCompile Include="Character filer\Enemy\Enemy_2.cpp">
      <Filter>Source Files</Filter>
    </ClCompile>
    <ClCompile Include="Character filer\Enemy\Enemy_3.cpp">
      <Filter>Source Files</Filter>
    </ClCompile>
    <ClCompile Include="Character filer\Foobar\Foobar.cpp">
      <Filter>Source Files</Filter>
    </ClCompile>
    <ClCompile Include="Character filer\Character.cpp">
      <Filter>Source Files</Filter>
    </ClCompile>
    <ClCompile Include="Collision\Cluster.cpp">
      <Filter>Source Files</Filter>
    </ClCompile>
    <ClCompile Include="Collision\Collision_handler.cpp">
      <Filter>Source Files</Filter>
    </ClCompile>
    <ClCompile Include="Collision\Collision_matrix.cpp">
      <Filter>Source Files</Filter>
    </ClCompile>
    <ClCompile Include="Interactable-filer\Coin.cpp">
      <Filter>Source Files</Filter>
    </ClCompile>
    <ClCompile Include="Interactable-filer\Finish_line.cpp">
      <Filter>Source Files</Filter>
    </ClCompile>
    <ClCompile Include="Interactable-filer\Interactable.cpp">
      <Filter>Source Files</Filter>
    </ClCompile>
    <ClCompile Include="Interactable-filer\Power_up.cpp">
      <Filter>Source Files</Filter>
    </ClCompile>
    <ClCompile Include="Position-filer\Position.cpp">
      <Filter>Source Files</Filter>
    </ClCompile>
    <ClCompile Include="Position-filer\Time.cpp">
      <Filter>Source Files</Filter>
    </ClCompile>
  </ItemGroup>
  <ItemGroup>
    <ClInclude Include="Block-filer\Breakable.h">
      <Filter>Header Files</Filter>
    </ClInclude>
    <ClInclude Include="Character filer\Enemy\Enemy_1.h">
      <Filter>Header Files</Filter>
    </ClInclude>
    <ClInclude Include="Block-filer\Block.h">
      <Filter>Header Files</Filter>
    </ClInclude>
    <ClInclude Include="Character filer\Enemy\Enemy_2.h">
      <Filter>Header Files</Filter>
    </ClInclude>
    <ClInclude Include="Character filer\Enemy\Enemy_3.h">
      <Filter>Header Files</Filter>
    </ClInclude>
    <ClInclude Include="Block-filer\Generator.h">
      <Filter>Header Files</Filter>
    </ClInclude>
    <ClInclude Include="Character filer\Foobar\Foobar.h">
      <Filter>Header Files</Filter>
    </ClInclude>
    <ClInclude Include="Character filer\Character.h">
      <Filter>Header Files</Filter>
    </ClInclude>
    <ClInclude Include="Collision\Cluster.h">
      <Filter>Header Files</Filter>
    </ClInclude>
    <ClInclude Include="Interactable-filer\Coin.h">
      <Filter>Header Files</Filter>
    </ClInclude>
    <ClInclude Include="Collision\Collision_handler.h">
      <Filter>Header Files</Filter>
    </ClInclude>
    <ClInclude Include="Collision\Collision_matrix.h">
      <Filter>Header Files</Filter>
    </ClInclude>
    <ClInclude Include="Interactable-filer\Finish_line.h">
      <Filter>Header Files</Filter>
    </ClInclude>
    <ClInclude Include="Interactable-filer\Interactable.h">
      <Filter>Header Files</Filter>
    </ClInclude>
    <ClInclude Include="Interactable-filer\Power_up.h">
      <Filter>Header Files</Filter>
    </ClInclude>
    <ClInclude Include="Position-filer\Position.h">
      <Filter>Header Files</Filter>
    </ClInclude>
    <ClInclude Include="Position-filer\Time.h">
      <Filter>Header Files</Filter>
    </ClInclude>
  </ItemGroup>
</Project>